
Microsoft Visual Studio Solution File, Format Version 12.00
# Visual Studio Version 17
VisualStudioVersion = 17.14.36717.8 d17.14
MinimumVisualStudioVersion = 10.0.40219.1
Project("{FAE04EC0-301F-11D3-BF4B-00C04F79EFBC}") = "BionicPRO", "BionicPRO.csproj", "{F744B84A-217E-4B3F-9BCA-DF3E50F0419C}"
EndProject
Global
	GlobalSection(SolutionConfigurationPlatforms) = preSolution
		Debug|Any CPU = Debug|Any CPU
		Release|Any CPU = Release|Any CPU
	EndGlobalSection
	GlobalSection(ProjectConfigurationPlatforms) = postSolution
		{F744B84A-217E-4B3F-9BCA-DF3E50F0419C}.Debug|Any CPU.ActiveCfg = Debug|Any CPU
		{F744B84A-217E-4B3F-9BCA-DF3E50F0419C}.Debug|Any CPU.Build.0 = Debug|Any CPU
		{F744B84A-217E-4B3F-9BCA-DF3E50F0419C}.Release|Any CPU.ActiveCfg = Release|Any CPU
		{F744B84A-217E-4B3F-9BCA-DF3E50F0419C}.Release|Any CPU.Build.0 = Release|Any CPU
	EndGlobalSection
	GlobalSection(SolutionProperties) = preSolution
		HideSolutionNode = FALSE
	EndGlobalSection
	GlobalSection(ExtensibilityGlobals) = postSolution
		SolutionGuid = {C8C36D5D-AD8D-489E-BC9E-D67544B4AD36}
	EndGlobalSection
EndGlobal
